
Microsoft Visual Studio Solution File, Format Version 12.00
# Visual Studio 14
VisualStudioVersion = 14.0.25420.1
MinimumVisualStudioVersion = 10.0.40219.1
Project("{FAE04EC0-301F-11D3-BF4B-00C04F79EFBC}") = "HoneywellHackathonFileShare", "HoneywellHackathonFileShare\HoneywellHackathonFileShare.csproj", "{8C452B00-1E90-4FEB-8962-C3A26F28C21E}"
EndProject
Project("{FAE04EC0-301F-11D3-BF4B-00C04F79EFBC}") = "HoneywellHackathonFileShare.Tests", "HoneywellHackathonFileShare.Tests\HoneywellHackathonFileShare.Tests.csproj", "{CC060513-CDFB-44B2-A5DE-74AEAA7D3586}"
EndProject
Global
	GlobalSection(SolutionConfigurationPlatforms) = preSolution
		Debug|Any CPU = Debug|Any CPU
		Release|Any CPU = Release|Any CPU
	EndGlobalSection
	GlobalSection(ProjectConfigurationPlatforms) = postSolution
		{8C452B00-1E90-4FEB-8962-C3A26F28C21E}.Debug|Any CPU.ActiveCfg = Debug|Any CPU
		{8C452B00-1E90-4FEB-8962-C3A26F28C21E}.Debug|Any CPU.Build.0 = Debug|Any CPU
		{8C452B00-1E90-4FEB-8962-C3A26F28C21E}.Release|Any CPU.ActiveCfg = Release|Any CPU
		{8C452B00-1E90-4FEB-8962-C3A26F28C21E}.Release|Any CPU.Build.0 = Release|Any CPU
		{CC060513-CDFB-44B2-A5DE-74AEAA7D3586}.Debug|Any CPU.ActiveCfg = Debug|Any CPU
		{CC060513-CDFB-44B2-A5DE-74AEAA7D3586}.Debug|Any CPU.Build.0 = Debug|Any CPU
		{CC060513-CDFB-44B2-A5DE-74AEAA7D3586}.Release|Any CPU.ActiveCfg = Release|Any CPU
		{CC060513-CDFB-44B2-A5DE-74AEAA7D3586}.Release|Any CPU.Build.0 = Release|Any CPU
	EndGlobalSection
	GlobalSection(SolutionProperties) = preSolution
		HideSolutionNode = FALSE
	EndGlobalSection
EndGlobal
